<?xml version="1.0" encoding="utf-8"?>
<Project ToolsVersion="4.0" xmlns="http://schemas.microsoft.com/developer/msbuild/2003">
  <ItemGroup>
    <Filter Include="Default">
      <UniqueIdentifier>{77d97bc9-8528-44a9-8156-e59cc18314d2}</UniqueIdentifier>
    </Filter>
    <Filter Include="Script">
      <UniqueIdentifier>{6de1b859-d48b-401d-8367-24ce0bddbf03}</UniqueIdentifier>
    </Filter>
    <Filter Include="ScriptMgr">
      <UniqueIdentifier>{3d67dc6d-021b-4b86-b729-d41e704a9834}</UniqueIdentifier>
    </Filter>
  </ItemGroup>
  <ItemGroup>
    <ClInclude Include="CCameraMoveScript.h">
      <Filter>Script</Filter>
    </ClInclude>
    <ClInclude Include="CMissileScript.h">
      <Filter>Script</Filter>
    </ClInclude>
    <ClInclude Include="CMonsterScript.h">
      <Filter>Script</Filter>
    </ClInclude>
    <ClInclude Include="CPlayerScript.h">
      <Filter>Script</Filter>
    </ClInclude>
    <ClInclude Include="framework.h">
      <Filter>Default</Filter>
    </ClInclude>
    <ClInclude Include="pch.h">
      <Filter>Default</Filter>
    </ClInclude>
    <ClInclude Include="CScriptMgr.h">
      <Filter>ScriptMgr</Filter>
    </ClInclude>
    <ClInclude Include="CGravityScript.h">
      <Filter>Script</Filter>
    </ClInclude>
  </ItemGroup>
  <ItemGroup>
    <ClCompile Include="CCameraMoveScript.cpp">
      <Filter>Script</Filter>
    </ClCompile>
    <ClCompile Include="CMissileScript.cpp">
      <Filter>Script</Filter>
    </ClCompile>
    <ClCompile Include="CMonsterScript.cpp">
      <Filter>Script</Filter>
    </ClCompile>
    <ClCompile Include="CPlayerScript.cpp">
      <Filter>Script</Filter>
    </ClCompile>
    <ClCompile Include="pch.cpp">
      <Filter>Default</Filter>
    </ClCompile>
    <ClCompile Include="Script.cpp">
      <Filter>Default</Filter>
    </ClCompile>
    <ClCompile Include="CScriptMgr.cpp">
      <Filter>ScriptMgr</Filter>
    </ClCompile>
    <ClCompile Include="CGravityScript.cpp">
      <Filter>Script</Filter>
    </ClCompile>
  </ItemGroup>
</Project>