<?xml version="1.0" encoding="utf-8"?>
<Project ToolsVersion="4.0" xmlns="http://schemas.microsoft.com/developer/msbuild/2003">
  <ItemGroup>
    <Filter Include="Default">
      <UniqueIdentifier>{77d97bc9-8528-44a9-8156-e59cc18314d2}</UniqueIdentifier>
    </Filter>
    <Filter Include="Script">
      <UniqueIdentifier>{6de1b859-d48b-401d-8367-24ce0bddbf03}</UniqueIdentifier>
    </Filter>
    <Filter Include="ScriptMgr">
      <UniqueIdentifier>{3d67dc6d-021b-4b86-b729-d41e704a9834}</UniqueIdentifier>
    </Filter>
    <Filter Include="Script\PlayerScript">
      <UniqueIdentifier>{4de5c265-49c4-47f1-840a-1fefd9313467}</UniqueIdentifier>
    </Filter>
    <Filter Include="Script\MouseScript">
      <UniqueIdentifier>{383bfaa9-11d7-427f-84ae-a26bc9d50715}</UniqueIdentifier>
    </Filter>
    <Filter Include="Script\Monster">
      <UniqueIdentifier>{c363f152-db50-4b43-8bca-1160cdf4c4b4}</UniqueIdentifier>
    </Filter>
    <Filter Include="Script\Monster\GruntScript">
      <UniqueIdentifier>{a865b29e-a1cf-494b-9734-10c43c06b737}</UniqueIdentifier>
    </Filter>
    <Filter Include="Script\Effect">
      <UniqueIdentifier>{f1a64c92-376f-4a07-a43f-9177fb0fd197}</UniqueIdentifier>
    </Filter>
    <Filter Include="Script\Effect\DustCloud">
      <UniqueIdentifier>{006e59f2-3c32-4a75-b7a4-e9d68dfc3a86}</UniqueIdentifier>
    </Filter>
    <Filter Include="Script\Effect\JumpCloud">
      <UniqueIdentifier>{c31d1014-579c-4598-9253-be808508514d}</UniqueIdentifier>
    </Filter>
    <Filter Include="Script\Effect\LandCloud">
      <UniqueIdentifier>{289a21ef-9be6-413f-9bbd-3c53699f7858}</UniqueIdentifier>
    </Filter>
    <Filter Include="Script\Effect\Slash">
      <UniqueIdentifier>{8b6b50ff-07a9-4f2c-b2f1-f53272404c86}</UniqueIdentifier>
    </Filter>
    <Filter Include="Script\Effect\Enemy_Follow">
      <UniqueIdentifier>{b10b99ed-ce88-48c0-8306-4254fe81b741}</UniqueIdentifier>
    </Filter>
    <Filter Include="Script\Effect\BloodAnimation">
      <UniqueIdentifier>{8fff742c-99c3-4949-b014-911617b0f1a2}</UniqueIdentifier>
    </Filter>
    <Filter Include="Script\Effect\BloodAnimation2">
      <UniqueIdentifier>{1186d041-3d02-4314-afd5-46adf9bb7318}</UniqueIdentifier>
    </Filter>
    <Filter Include="Script\Effect\GruntSlash">
      <UniqueIdentifier>{6d2ce46c-5694-4c7d-8b71-3d35fadfd949}</UniqueIdentifier>
    </Filter>
    <Filter Include="Script\Effect\BloodSplater">
      <UniqueIdentifier>{61e50bca-844c-4962-84f0-b474a4f87c07}</UniqueIdentifier>
    </Filter>
    <Filter Include="Script\Monster\Collider">
      <UniqueIdentifier>{787d3df0-54e5-4d48-a9e7-22d51bf885f7}</UniqueIdentifier>
    </Filter>
    <Filter Include="Script\Monster\PompScript">
      <UniqueIdentifier>{d273f89d-2f50-4615-9adb-aec2ac231ecd}</UniqueIdentifier>
    </Filter>
    <Filter Include="Script\Effect\BikeSlash">
      <UniqueIdentifier>{1ee3138a-7b09-440a-a795-a39c4f9170a7}</UniqueIdentifier>
    </Filter>
    <Filter Include="Script\Effect\Reflect">
      <UniqueIdentifier>{e77ff3f8-7363-4000-b908-e8daeaee180d}</UniqueIdentifier>
    </Filter>
    <Filter Include="Script\Monster\GangsterScript">
      <UniqueIdentifier>{b432eee3-24d3-4258-ba30-71d069ff8e15}</UniqueIdentifier>
    </Filter>
    <Filter Include="Script\Effect\Bullet">
      <UniqueIdentifier>{ae8e8e89-e2b8-4645-91ed-ab31d295cc36}</UniqueIdentifier>
    </Filter>
    <Filter Include="Script\UIScript">
      <UniqueIdentifier>{7aaf15b9-6b30-4d51-ae38-2c26ab776b13}</UniqueIdentifier>
    </Filter>
    <Filter Include="Script\UIScript\BatteryScript">
      <UniqueIdentifier>{74fa9bba-1fc1-4e8f-bedf-0f690cfe79d8}</UniqueIdentifier>
    </Filter>
    <Filter Include="Script\UIScript\TimerScript">
      <UniqueIdentifier>{e8febf70-959a-4636-8f65-9c8bbeb2e58d}</UniqueIdentifier>
    </Filter>
    <Filter Include="Script\Rewinder">
      <UniqueIdentifier>{d9a6e6f1-47ca-4c9a-b8fa-0bf22b28607c}</UniqueIdentifier>
    </Filter>
    <Filter Include="Script\TitleScript">
      <UniqueIdentifier>{ba24c6fc-bd93-42ba-a366-c51ed2c95157}</UniqueIdentifier>
    </Filter>
    <Filter Include="Script\LevelChangeScript">
      <UniqueIdentifier>{bf967887-9830-454f-9090-a4fb39ec4cd3}</UniqueIdentifier>
    </Filter>
  </ItemGroup>
  <ItemGroup>
    <ClInclude Include="CCameraMoveScript.h">
      <Filter>Script</Filter>
    </ClInclude>
    <ClInclude Include="CMissileScript.h">
      <Filter>Script</Filter>
    </ClInclude>
    <ClInclude Include="framework.h">
      <Filter>Default</Filter>
    </ClInclude>
    <ClInclude Include="pch.h">
      <Filter>Default</Filter>
    </ClInclude>
    <ClInclude Include="CScriptMgr.h">
      <Filter>ScriptMgr</Filter>
    </ClInclude>
    <ClInclude Include="CGravityScript.h">
      <Filter>Script</Filter>
    </ClInclude>
    <ClInclude Include="CMainCameraScript.h">
      <Filter>Script</Filter>
    </ClInclude>
    <ClInclude Include="CPlayerScript.h">
      <Filter>Script\PlayerScript</Filter>
    </ClInclude>
    <ClInclude Include="CMouseScript.h">
      <Filter>Script\MouseScript</Filter>
    </ClInclude>
    <ClInclude Include="CGruntScript.h">
      <Filter>Script\Monster\GruntScript</Filter>
    </ClInclude>
    <ClInclude Include="CDustCloudScript.h">
      <Filter>Script\Effect\DustCloud</Filter>
    </ClInclude>
    <ClInclude Include="CJumpCloudScript.h">
      <Filter>Script\Effect\JumpCloud</Filter>
    </ClInclude>
    <ClInclude Include="CLandCloudScript.h">
      <Filter>Script\Effect\LandCloud</Filter>
    </ClInclude>
    <ClInclude Include="CSlashScript.h">
      <Filter>Script\Effect\Slash</Filter>
    </ClInclude>
    <ClInclude Include="CEnemy_FollowScript.h">
      <Filter>Script\Effect\Enemy_Follow</Filter>
    </ClInclude>
    <ClInclude Include="CBloodAnimationScript.h">
      <Filter>Script\Effect\BloodAnimation</Filter>
    </ClInclude>
    <ClInclude Include="CBloodAnimation2Script.h">
      <Filter>Script\Effect\BloodAnimation2</Filter>
    </ClInclude>
    <ClInclude Include="CGruntSlashScript.h">
      <Filter>Script\Effect\GruntSlash</Filter>
    </ClInclude>
    <ClInclude Include="CBloodSplaterScript.h">
      <Filter>Script\Effect\BloodSplater</Filter>
    </ClInclude>
    <ClInclude Include="CMonsterScript.h">
      <Filter>Script\Monster</Filter>
    </ClInclude>
    <ClInclude Include="CAttackRangeScript.h">
      <Filter>Script\Monster\Collider</Filter>
    </ClInclude>
    <ClInclude Include="CViewScript.h">
      <Filter>Script\Monster\Collider</Filter>
    </ClInclude>
    <ClInclude Include="CPompScript.h">
      <Filter>Script\Monster\PompScript</Filter>
    </ClInclude>
    <ClInclude Include="CBikeSlashScript.h">
      <Filter>Script\Effect\BikeSlash</Filter>
    </ClInclude>
    <ClInclude Include="CReflectScript.h">
      <Filter>Script\Effect\Reflect</Filter>
    </ClInclude>
    <ClInclude Include="CEffectScript.h">
      <Filter>Script\Effect</Filter>
    </ClInclude>
    <ClInclude Include="CGangsterScript.h">
      <Filter>Script\Monster\GangsterScript</Filter>
    </ClInclude>
    <ClInclude Include="CBulletScript.h">
      <Filter>Script\Effect\Bullet</Filter>
    </ClInclude>
    <ClInclude Include="CUIScript.h">
      <Filter>Script\UIScript</Filter>
    </ClInclude>
    <ClInclude Include="CBatteryScript.h">
      <Filter>Script\UIScript\BatteryScript</Filter>
    </ClInclude>
    <ClInclude Include="CTimerScript.h">
      <Filter>Script\UIScript\TimerScript</Filter>
    </ClInclude>
    <ClInclude Include="CRewinderScript.h">
      <Filter>Script\Rewinder</Filter>
    </ClInclude>
    <ClInclude Include="CTitleScript.h">
      <Filter>Script\TitleScript</Filter>
    </ClInclude>
  </ItemGroup>
  <ItemGroup>
    <ClCompile Include="CCameraMoveScript.cpp">
      <Filter>Script</Filter>
    </ClCompile>
    <ClCompile Include="CMissileScript.cpp">
      <Filter>Script</Filter>
    </ClCompile>
    <ClCompile Include="pch.cpp">
      <Filter>Default</Filter>
    </ClCompile>
    <ClCompile Include="Script.cpp">
      <Filter>Default</Filter>
    </ClCompile>
    <ClCompile Include="CScriptMgr.cpp">
      <Filter>ScriptMgr</Filter>
    </ClCompile>
    <ClCompile Include="CGravityScript.cpp">
      <Filter>Script</Filter>
    </ClCompile>
    <ClCompile Include="CMainCameraScript.cpp">
      <Filter>Script</Filter>
    </ClCompile>
    <ClCompile Include="CPlayerScript.cpp">
      <Filter>Script\PlayerScript</Filter>
    </ClCompile>
    <ClCompile Include="CMouseScript.cpp">
      <Filter>Script\MouseScript</Filter>
    </ClCompile>
    <ClCompile Include="CGruntScript.cpp">
      <Filter>Script\Monster\GruntScript</Filter>
    </ClCompile>
    <ClCompile Include="CDustCloudScript.cpp">
      <Filter>Script\Effect\DustCloud</Filter>
    </ClCompile>
    <ClCompile Include="CJumpCloudScript.cpp">
      <Filter>Script\Effect\JumpCloud</Filter>
    </ClCompile>
    <ClCompile Include="CLandCloudScript.cpp">
      <Filter>Script\Effect\LandCloud</Filter>
    </ClCompile>
    <ClCompile Include="CSlashScript.cpp">
      <Filter>Script\Effect\Slash</Filter>
    </ClCompile>
    <ClCompile Include="CEnemy_FollowScript.cpp">
      <Filter>Script\Effect\Enemy_Follow</Filter>
    </ClCompile>
    <ClCompile Include="CBloodAnimationScript.cpp">
      <Filter>Script\Effect\BloodAnimation</Filter>
    </ClCompile>
    <ClCompile Include="CBloodAnimation2Script.cpp">
      <Filter>Script\Effect\BloodAnimation2</Filter>
    </ClCompile>
    <ClCompile Include="CGruntSlashScript.cpp">
      <Filter>Script\Effect\GruntSlash</Filter>
    </ClCompile>
    <ClCompile Include="CBloodSplaterScript.cpp">
      <Filter>Script\Effect\BloodSplater</Filter>
    </ClCompile>
    <ClCompile Include="CMonsterScript.cpp">
      <Filter>Script\Monster</Filter>
    </ClCompile>
    <ClCompile Include="CAttackRangeScript.cpp">
      <Filter>Script\Monster\Collider</Filter>
    </ClCompile>
    <ClCompile Include="CViewScript.cpp">
      <Filter>Script\Monster\Collider</Filter>
    </ClCompile>
    <ClCompile Include="CPompScript.cpp">
      <Filter>Script\Monster\PompScript</Filter>
    </ClCompile>
    <ClCompile Include="CBikeSlashScript.cpp">
      <Filter>Script\Effect\BikeSlash</Filter>
    </ClCompile>
    <ClCompile Include="CReflectScript.cpp">
      <Filter>Script\Effect\Reflect</Filter>
    </ClCompile>
    <ClCompile Include="CEffectScript.cpp">
      <Filter>Script\Effect</Filter>
    </ClCompile>
    <ClCompile Include="CGangsterScript.cpp">
      <Filter>Script\Monster\GangsterScript</Filter>
    </ClCompile>
    <ClCompile Include="CBulletScript.cpp">
      <Filter>Script\Effect\Bullet</Filter>
    </ClCompile>
    <ClCompile Include="CUIScript.cpp">
      <Filter>Script\UIScript</Filter>
    </ClCompile>
    <ClCompile Include="CBatteryScript.cpp">
      <Filter>Script\UIScript\BatteryScript</Filter>
    </ClCompile>
    <ClCompile Include="CTimerScript.cpp">
      <Filter>Script\UIScript\TimerScript</Filter>
    </ClCompile>
    <ClCompile Include="CRewinderScript.cpp">
      <Filter>Script\Rewinder</Filter>
    </ClCompile>
    <ClCompile Include="CTitleScript.cpp">
      <Filter>Script\TitleScript</Filter>
    </ClCompile>
  </ItemGroup>
</Project>