<?xml version="1.0" encoding="utf-8"?>
<Project ToolsVersion="4.0" xmlns="http://schemas.microsoft.com/developer/msbuild/2003">
  <ItemGroup>
    <ClInclude Include="pch.h">
      <Filter>Default</Filter>
    </ClInclude>
    <ClInclude Include="framework.h">
      <Filter>Default</Filter>
    </ClInclude>
    <ClInclude Include="CSingleton.h">
      <Filter>Source\09. Module</Filter>
    </ClInclude>
    <ClInclude Include="global.h">
      <Filter>Source\00. Header</Filter>
    </ClInclude>
    <ClInclude Include="define.h">
      <Filter>Source\00. Header</Filter>
    </ClInclude>
    <ClInclude Include="struct.h">
      <Filter>Source\00. Header</Filter>
    </ClInclude>
    <ClInclude Include="func.h">
      <Filter>Source\00. Header</Filter>
    </ClInclude>
    <ClInclude Include="CEngine.h">
      <Filter>Source\01. Engine</Filter>
    </ClInclude>
    <ClInclude Include="CDevice.h">
      <Filter>Source\02. Device</Filter>
    </ClInclude>
    <ClInclude Include="Test.h" />
    <ClInclude Include="SimpleMath.h">
      <Filter>Source\09. Module\SimpleMath</Filter>
    </ClInclude>
    <ClInclude Include="CPathMgr.h">
      <Filter>Source\03. Manager\01. PathMgr</Filter>
    </ClInclude>
    <ClInclude Include="CKeyMgr.h">
      <Filter>Source\03. Manager\02. KeyMgr</Filter>
    </ClInclude>
    <ClInclude Include="CTimeMgr.h">
      <Filter>Source\03. Manager\03. TimeMgr</Filter>
    </ClInclude>
    <ClInclude Include="CGameObject.h">
      <Filter>Source\05. GameObject</Filter>
    </ClInclude>
    <ClInclude Include="CComponent.h">
      <Filter>Source\06. Component</Filter>
    </ClInclude>
    <ClInclude Include="CTransform.h">
      <Filter>Source\06. Component\01. Transform</Filter>
    </ClInclude>
    <ClInclude Include="CMeshRender.h">
      <Filter>Source\06. Component\02. MeshRender</Filter>
    </ClInclude>
    <ClInclude Include="CRes.h">
      <Filter>Source\07. Resource</Filter>
    </ClInclude>
    <ClInclude Include="CMesh.h">
      <Filter>Source\07. Resource\01. Mesh</Filter>
    </ClInclude>
    <ClInclude Include="CShader.h">
      <Filter>Source\07. Resource\04. Shader</Filter>
    </ClInclude>
    <ClInclude Include="CGraphicsShader.h">
      <Filter>Source\07. Resource\04. Shader\GraphicsShader</Filter>
    </ClInclude>
    <ClInclude Include="CScript.h">
      <Filter>Source\06. Component\Script</Filter>
    </ClInclude>
    <ClInclude Include="CPlayerScript.h">
      <Filter>Source\Scripts</Filter>
    </ClInclude>
    <ClInclude Include="CConstBuffer.h">
      <Filter>Source\02. Device\ConstBuffer</Filter>
    </ClInclude>
    <ClInclude Include="CLevelMgr.h">
      <Filter>Source\03. Manager\04. LevelMgr</Filter>
    </ClInclude>
    <ClInclude Include="CResMgr.h">
      <Filter>Source\03. Manager\05. ResMgr</Filter>
    </ClInclude>
    <ClInclude Include="ptr.h">
      <Filter>Source\03. Manager\05. ResMgr</Filter>
    </ClInclude>
    <ClInclude Include="CEntity.h">
      <Filter>Source</Filter>
    </ClInclude>
    <ClInclude Include="CLevel.h">
      <Filter>Source\04. Level</Filter>
    </ClInclude>
    <ClInclude Include="CLayer.h">
      <Filter>Source\04. Level</Filter>
    </ClInclude>
    <ClInclude Include="CTexture.h">
      <Filter>Source\07. Resource\02. Texture</Filter>
    </ClInclude>
  </ItemGroup>
  <ItemGroup>
    <ClCompile Include="pch.cpp">
      <Filter>Default</Filter>
    </ClCompile>
    <ClCompile Include="Engine.cpp">
      <Filter>Default</Filter>
    </ClCompile>
    <ClCompile Include="CEngine.cpp">
      <Filter>Source\01. Engine</Filter>
    </ClCompile>
    <ClCompile Include="CDevice.cpp">
      <Filter>Source\02. Device</Filter>
    </ClCompile>
    <ClCompile Include="Test.cpp" />
    <ClCompile Include="CPathMgr.cpp">
      <Filter>Source\03. Manager\01. PathMgr</Filter>
    </ClCompile>
    <ClCompile Include="CKeyMgr.cpp">
      <Filter>Source\03. Manager\02. KeyMgr</Filter>
    </ClCompile>
    <ClCompile Include="CTimeMgr.cpp">
      <Filter>Source\03. Manager\03. TimeMgr</Filter>
    </ClCompile>
    <ClCompile Include="CGameObject.cpp">
      <Filter>Source\05. GameObject</Filter>
    </ClCompile>
    <ClCompile Include="CComponent.cpp">
      <Filter>Source\06. Component</Filter>
    </ClCompile>
    <ClCompile Include="CTransform.cpp">
      <Filter>Source\06. Component\01. Transform</Filter>
    </ClCompile>
    <ClCompile Include="CMeshRender.cpp">
      <Filter>Source\06. Component\02. MeshRender</Filter>
    </ClCompile>
    <ClCompile Include="CRes.cpp">
      <Filter>Source\07. Resource</Filter>
    </ClCompile>
    <ClCompile Include="CMesh.cpp">
      <Filter>Source\07. Resource\01. Mesh</Filter>
    </ClCompile>
    <ClCompile Include="CShader.cpp">
      <Filter>Source\07. Resource\04. Shader</Filter>
    </ClCompile>
    <ClCompile Include="CGraphicsShader.cpp">
      <Filter>Source\07. Resource\04. Shader\GraphicsShader</Filter>
    </ClCompile>
    <ClCompile Include="CScript.cpp">
      <Filter>Source\06. Component\Script</Filter>
    </ClCompile>
    <ClCompile Include="CPlayerScript.cpp">
      <Filter>Source\Scripts</Filter>
    </ClCompile>
    <ClCompile Include="CConstBuffer.cpp">
      <Filter>Source\02. Device\ConstBuffer</Filter>
    </ClCompile>
    <ClCompile Include="CLevelMgr.cpp">
      <Filter>Source\03. Manager\04. LevelMgr</Filter>
    </ClCompile>
    <ClCompile Include="CResMgr.cpp">
      <Filter>Source\03. Manager\05. ResMgr</Filter>
    </ClCompile>
    <ClCompile Include="CEntity.cpp">
      <Filter>Source</Filter>
    </ClCompile>
    <ClCompile Include="CLevel.cpp">
      <Filter>Source\04. Level</Filter>
    </ClCompile>
    <ClCompile Include="CLayer.cpp">
      <Filter>Source\04. Level</Filter>
    </ClCompile>
    <ClCompile Include="CTexture.cpp">
      <Filter>Source\07. Resource\02. Texture</Filter>
    </ClCompile>
  </ItemGroup>
  <ItemGroup>
    <Filter Include="Default">
      <UniqueIdentifier>{8424ac56-cb8c-4147-9490-57777b395cdb}</UniqueIdentifier>
    </Filter>
    <Filter Include="Source">
      <UniqueIdentifier>{47aa04a2-b936-453b-846b-8922b202c612}</UniqueIdentifier>
    </Filter>
    <Filter Include="Source\Scripts">
      <UniqueIdentifier>{6c53908b-727a-40c3-ae38-39f10d867000}</UniqueIdentifier>
    </Filter>
    <Filter Include="Source\00. Header">
      <UniqueIdentifier>{1cc5aab6-3fb3-4c2b-89cf-90189409d7a1}</UniqueIdentifier>
    </Filter>
    <Filter Include="Source\01. Engine">
      <UniqueIdentifier>{83bc48a0-249b-4703-9520-4f43043d9023}</UniqueIdentifier>
    </Filter>
    <Filter Include="Source\02. Device">
      <UniqueIdentifier>{02380abf-ab8a-4926-bb91-3b1de49446a6}</UniqueIdentifier>
    </Filter>
    <Filter Include="Source\02. Device\ConstBuffer">
      <UniqueIdentifier>{c7ce211d-15e1-4387-a68f-dda9aa65848c}</UniqueIdentifier>
    </Filter>
    <Filter Include="Source\03. Manager">
      <UniqueIdentifier>{95d506f3-474d-4226-8d93-f522b5591aa9}</UniqueIdentifier>
    </Filter>
    <Filter Include="Source\03. Manager\01. PathMgr">
      <UniqueIdentifier>{cbed6497-d83a-45b2-b39a-c0a5b4c4492b}</UniqueIdentifier>
    </Filter>
    <Filter Include="Source\03. Manager\04. LevelMgr">
      <UniqueIdentifier>{bf43122e-8790-4a59-9a35-39d721eca663}</UniqueIdentifier>
    </Filter>
    <Filter Include="Source\03. Manager\05. ResMgr">
      <UniqueIdentifier>{86dc608e-1a6c-4563-a6d2-904aba3097aa}</UniqueIdentifier>
    </Filter>
    <Filter Include="Source\04. Level">
      <UniqueIdentifier>{c87c02e0-95ae-4bde-b08d-dbfc4428b467}</UniqueIdentifier>
    </Filter>
    <Filter Include="Source\05. GameObject">
      <UniqueIdentifier>{f87eb5e5-14af-4165-9187-0ff2e2b40447}</UniqueIdentifier>
    </Filter>
    <Filter Include="Source\06. Component">
      <UniqueIdentifier>{d39f9c2a-f020-483a-bde1-900494c3774f}</UniqueIdentifier>
    </Filter>
    <Filter Include="Source\06. Component\01. Transform">
      <UniqueIdentifier>{938fc155-eaed-475c-b00a-4c94ea3f41ed}</UniqueIdentifier>
    </Filter>
    <Filter Include="Source\06. Component\02. MeshRender">
      <UniqueIdentifier>{12b169e8-0ee3-4798-95b5-337c0010ea11}</UniqueIdentifier>
    </Filter>
    <Filter Include="Source\06. Component\Script">
      <UniqueIdentifier>{f4bf8910-242f-47e6-9860-4d9cc556d264}</UniqueIdentifier>
    </Filter>
    <Filter Include="Source\07. Resource">
      <UniqueIdentifier>{d5ac0e54-0b6e-4b4e-91c8-4d8377fc447f}</UniqueIdentifier>
    </Filter>
    <Filter Include="Source\07. Resource\01. Mesh">
      <UniqueIdentifier>{9d6e74a5-4f26-4aea-bebc-76dc38304c8c}</UniqueIdentifier>
    </Filter>
    <Filter Include="Source\07. Resource\02. Texture">
      <UniqueIdentifier>{38aa5a87-d978-4a8e-b2f4-50074fcf14d9}</UniqueIdentifier>
    </Filter>
    <Filter Include="Source\07. Resource\03. Material">
      <UniqueIdentifier>{67d379d2-48da-4aa0-87f7-70ce6943ecad}</UniqueIdentifier>
    </Filter>
    <Filter Include="Source\07. Resource\04. Shader">
      <UniqueIdentifier>{67ca1423-4e64-4cf2-8f8b-1b089abcf425}</UniqueIdentifier>
    </Filter>
    <Filter Include="Source\07. Resource\04. Shader\GraphicsShader">
      <UniqueIdentifier>{2c43d04c-0b87-422c-b41e-42191cf3e22c}</UniqueIdentifier>
    </Filter>
    <Filter Include="Source\07. Resource\04. Shader\ComputeShader">
      <UniqueIdentifier>{0d516d4b-c0c8-4a8b-bfbd-6d7901354c7e}</UniqueIdentifier>
    </Filter>
    <Filter Include="Source\08. ShaderCode">
      <UniqueIdentifier>{a9b5bece-ce48-40f8-80ca-525a485e4de5}</UniqueIdentifier>
    </Filter>
    <Filter Include="Source\09. Module">
      <UniqueIdentifier>{598899f5-f017-4ca4-a0c1-033aa0b5102f}</UniqueIdentifier>
    </Filter>
    <Filter Include="Source\09. Module\SimpleMath">
      <UniqueIdentifier>{c5a6d763-353e-4ab9-87c0-cb13b5413432}</UniqueIdentifier>
    </Filter>
    <Filter Include="Source\03. Manager\03. TimeMgr">
      <UniqueIdentifier>{12f6de53-990f-4b42-87a8-f6cac7e612b9}</UniqueIdentifier>
    </Filter>
    <Filter Include="Source\03. Manager\02. KeyMgr">
      <UniqueIdentifier>{3aa2a9a8-ed7f-4dff-bc0d-d5513dafa19f}</UniqueIdentifier>
    </Filter>
  </ItemGroup>
  <ItemGroup>
    <None Include="SimpleMath.inl">
      <Filter>Source\09. Module\SimpleMath</Filter>
    </None>
  </ItemGroup>
  <ItemGroup>
    <FxCompile Include="test.fx">
      <Filter>Source\08. ShaderCode</Filter>
    </FxCompile>
  </ItemGroup>
</Project>